
Microsoft Visual Studio Solution File, Format Version 12.00
# Visual Studio Version 17
VisualStudioVersion = 17.6.33815.320
MinimumVisualStudioVersion = 10.0.40219.1
Project("{FAE04EC0-301F-11D3-BF4B-00C04F79EFBC}") = "Data Annotation", "Data Annotation.csproj", "{BD2475DE-FDB7-47E8-A8E5-1D55B17A3825}"
EndProject
Global
	GlobalSection(SolutionConfigurationPlatforms) = preSolution
		Debug|Any CPU = Debug|Any CPU
		Release|Any CPU = Release|Any CPU
	EndGlobalSection
	GlobalSection(ProjectConfigurationPlatforms) = postSolution
		{BD2475DE-FDB7-47E8-A8E5-1D55B17A3825}.Debug|Any CPU.ActiveCfg = Debug|Any CPU
		{BD2475DE-FDB7-47E8-A8E5-1D55B17A3825}.Debug|Any CPU.Build.0 = Debug|Any CPU
		{BD2475DE-FDB7-47E8-A8E5-1D55B17A3825}.Release|Any CPU.ActiveCfg = Release|Any CPU
		{BD2475DE-FDB7-47E8-A8E5-1D55B17A3825}.Release|Any CPU.Build.0 = Release|Any CPU
	EndGlobalSection
	GlobalSection(SolutionProperties) = preSolution
		HideSolutionNode = FALSE
	EndGlobalSection
	GlobalSection(ExtensibilityGlobals) = postSolution
		SolutionGuid = {4A2A5848-A06F-4208-ADCB-E83668D889B8}
	EndGlobalSection
EndGlobal
